// !$*UTF8*$!
{
	archiveVersion = 1;
	classes = {
	};
	objectVersion = 56;
	objects = {

/* Begin PBXBuildFile section */
		555E1E192C14B2B200C1A03C /* AppDelegate.swift in Sources */ = {isa = PBXBuildFile; fileRef = 555E1E182C14B2B200C1A03C /* AppDelegate.swift */; };
		555E1E1B2C14B2B200C1A03C /* SceneDelegate.swift in Sources */ = {isa = PBXBuildFile; fileRef = 555E1E1A2C14B2B200C1A03C /* SceneDelegate.swift */; };
		555E1E1D2C14B2B200C1A03C /* ViewController.swift in Sources */ = {isa = PBXBuildFile; fileRef = 555E1E1C2C14B2B200C1A03C /* ViewController.swift */; };
		555E1E222C14B2B400C1A03C /* Assets.xcassets in Resources */ = {isa = PBXBuildFile; fileRef = 555E1E212C14B2B400C1A03C /* Assets.xcassets */; };
		555E1E252C14B2B400C1A03C /* LaunchScreen.storyboard in Resources */ = {isa = PBXBuildFile; fileRef = 555E1E232C14B2B400C1A03C /* LaunchScreen.storyboard */; };
		555E1E2D2C14B31400C1A03C /* Country.swift in Sources */ = {isa = PBXBuildFile; fileRef = 555E1E2C2C14B31400C1A03C /* Country.swift */; };
		555E1E2F2C14B38500C1A03C /* CountriesViewController.swift in Sources */ = {isa = PBXBuildFile; fileRef = 555E1E2E2C14B38500C1A03C /* CountriesViewController.swift */; };
		555E1E312C14B3BE00C1A03C /* CountryCell.swift in Sources */ = {isa = PBXBuildFile; fileRef = 555E1E302C14B3BE00C1A03C /* CountryCell.swift */; };
		555E1E342C14B43400C1A03C /* CountryDetailViewController.swift in Sources */ = {isa = PBXBuildFile; fileRef = 555E1E332C14B43400C1A03C /* CountryDetailViewController.swift */; };
		555E1E362C14B46E00C1A03C /* CurrencyViewController.swift in Sources */ = {isa = PBXBuildFile; fileRef = 555E1E352C14B46E00C1A03C /* CurrencyViewController.swift */; };
		555E1E582C14C84600C1A03C /* CountryDetail.swift in Sources */ = {isa = PBXBuildFile; fileRef = 555E1E572C14C84600C1A03C /* CountryDetail.swift */; };
		555E1E5C2C14CF8100C1A03C /* Currency.swift in Sources */ = {isa = PBXBuildFile; fileRef = 555E1E5B2C14CF8100C1A03C /* Currency.swift */; };
		555E1E5E2C14D00800C1A03C /* Capital.swift in Sources */ = {isa = PBXBuildFile; fileRef = 555E1E5D2C14D00800C1A03C /* Capital.swift */; };
		555E1E602C14D26B00C1A03C /* Flag.swift in Sources */ = {isa = PBXBuildFile; fileRef = 555E1E5F2C14D26B00C1A03C /* Flag.swift */; };
		64605DEA2C1933230076B321 /* TabBarViewContoller.swift in Sources */ = {isa = PBXBuildFile; fileRef = 64605DE92C1933230076B321 /* TabBarViewContoller.swift */; };
		64605DEC2C19422C0076B321 /* PointsOfInterest.swift in Sources */ = {isa = PBXBuildFile; fileRef = 64605DEB2C19422C0076B321 /* PointsOfInterest.swift */; };
		64605DEE2C1949970076B321 /* CountryPointsOfInterestsViewController.swift in Sources */ = {isa = PBXBuildFile; fileRef = 64605DED2C1949970076B321 /* CountryPointsOfInterestsViewController.swift */; };
		64605DF12C1950C80076B321 /* NotificationExtension.swift in Sources */ = {isa = PBXBuildFile; fileRef = 64605DF02C1950C80076B321 /* NotificationExtension.swift */; };
		648306B42C168E8C00A68FDB /* Capitals.json in Resources */ = {isa = PBXBuildFile; fileRef = 648306AC2C168E8C00A68FDB /* Capitals.json */; };
		648306B52C168E8C00A68FDB /* Countries.json in Resources */ = {isa = PBXBuildFile; fileRef = 648306AD2C168E8C00A68FDB /* Countries.json */; };
		648306B62C168E8C00A68FDB /* CountryDetails.json in Resources */ = {isa = PBXBuildFile; fileRef = 648306AE2C168E8C00A68FDB /* CountryDetails.json */; };
		648306B72C168E8C00A68FDB /* Currency.json in Resources */ = {isa = PBXBuildFile; fileRef = 648306AF2C168E8C00A68FDB /* Currency.json */; };
		648306B82C168E8C00A68FDB /* CurrencyConversion.json in Resources */ = {isa = PBXBuildFile; fileRef = 648306B02C168E8C00A68FDB /* CurrencyConversion.json */; };
		648306B92C168E8C00A68FDB /* Flags.json in Resources */ = {isa = PBXBuildFile; fileRef = 648306B12C168E8C00A68FDB /* Flags.json */; };
		648306BA2C168E8C00A68FDB /* PointsOfInterest.json in Resources */ = {isa = PBXBuildFile; fileRef = 648306B22C168E8C00A68FDB /* PointsOfInterest.json */; };
/* End PBXBuildFile section */

/* Begin PBXFileReference section */
		555E1E152C14B2B200C1A03C /* CountryCurrencyApp.app */ = {isa = PBXFileReference; explicitFileType = wrapper.application; includeInIndex = 0; path = CountryCurrencyApp.app; sourceTree = BUILT_PRODUCTS_DIR; };
		555E1E182C14B2B200C1A03C /* AppDelegate.swift */ = {isa = PBXFileReference; lastKnownFileType = sourcecode.swift; path = AppDelegate.swift; sourceTree = "<group>"; };
		555E1E1A2C14B2B200C1A03C /* SceneDelegate.swift */ = {isa = PBXFileReference; lastKnownFileType = sourcecode.swift; path = SceneDelegate.swift; sourceTree = "<group>"; };
		555E1E1C2C14B2B200C1A03C /* ViewController.swift */ = {isa = PBXFileReference; lastKnownFileType = sourcecode.swift; path = ViewController.swift; sourceTree = "<group>"; };
		555E1E212C14B2B400C1A03C /* Assets.xcassets */ = {isa = PBXFileReference; lastKnownFileType = folder.assetcatalog; path = Assets.xcassets; sourceTree = "<group>"; };
		555E1E242C14B2B400C1A03C /* Base */ = {isa = PBXFileReference; lastKnownFileType = file.storyboard; name = Base; path = Base.lproj/LaunchScreen.storyboard; sourceTree = "<group>"; };
		555E1E262C14B2B400C1A03C /* Info.plist */ = {isa = PBXFileReference; lastKnownFileType = text.plist.xml; path = Info.plist; sourceTree = "<group>"; };
		555E1E2C2C14B31400C1A03C /* Country.swift */ = {isa = PBXFileReference; lastKnownFileType = sourcecode.swift; path = Country.swift; sourceTree = "<group>"; };
		555E1E2E2C14B38500C1A03C /* CountriesViewController.swift */ = {isa = PBXFileReference; lastKnownFileType = sourcecode.swift; path = CountriesViewController.swift; sourceTree = "<group>"; };
		555E1E302C14B3BE00C1A03C /* CountryCell.swift */ = {isa = PBXFileReference; lastKnownFileType = sourcecode.swift; path = CountryCell.swift; sourceTree = "<group>"; };
		555E1E332C14B43400C1A03C /* CountryDetailViewController.swift */ = {isa = PBXFileReference; lastKnownFileType = sourcecode.swift; path = CountryDetailViewController.swift; sourceTree = "<group>"; };
		555E1E352C14B46E00C1A03C /* CurrencyViewController.swift */ = {isa = PBXFileReference; lastKnownFileType = sourcecode.swift; path = CurrencyViewController.swift; sourceTree = "<group>"; };
		555E1E572C14C84600C1A03C /* CountryDetail.swift */ = {isa = PBXFileReference; lastKnownFileType = sourcecode.swift; path = CountryDetail.swift; sourceTree = "<group>"; };
		555E1E5B2C14CF8100C1A03C /* Currency.swift */ = {isa = PBXFileReference; lastKnownFileType = sourcecode.swift; path = Currency.swift; sourceTree = "<group>"; };
		555E1E5D2C14D00800C1A03C /* Capital.swift */ = {isa = PBXFileReference; lastKnownFileType = sourcecode.swift; path = Capital.swift; sourceTree = "<group>"; };
		555E1E5F2C14D26B00C1A03C /* Flag.swift */ = {isa = PBXFileReference; lastKnownFileType = sourcecode.swift; path = Flag.swift; sourceTree = "<group>"; };
		64605DE92C1933230076B321 /* TabBarViewContoller.swift */ = {isa = PBXFileReference; lastKnownFileType = sourcecode.swift; path = TabBarViewContoller.swift; sourceTree = "<group>"; };
		64605DEB2C19422C0076B321 /* PointsOfInterest.swift */ = {isa = PBXFileReference; lastKnownFileType = sourcecode.swift; path = PointsOfInterest.swift; sourceTree = "<group>"; };
		64605DED2C1949970076B321 /* CountryPointsOfInterestsViewController.swift */ = {isa = PBXFileReference; lastKnownFileType = sourcecode.swift; path = CountryPointsOfInterestsViewController.swift; sourceTree = "<group>"; };
		64605DF02C1950C80076B321 /* NotificationExtension.swift */ = {isa = PBXFileReference; lastKnownFileType = sourcecode.swift; path = NotificationExtension.swift; sourceTree = "<group>"; };
		648306AC2C168E8C00A68FDB /* Capitals.json */ = {isa = PBXFileReference; fileEncoding = 4; lastKnownFileType = text.json; path = Capitals.json; sourceTree = "<group>"; };
		648306AD2C168E8C00A68FDB /* Countries.json */ = {isa = PBXFileReference; fileEncoding = 4; lastKnownFileType = text.json; path = Countries.json; sourceTree = "<group>"; };
		648306AE2C168E8C00A68FDB /* CountryDetails.json */ = {isa = PBXFileReference; fileEncoding = 4; lastKnownFileType = text.json; path = CountryDetails.json; sourceTree = "<group>"; };
		648306AF2C168E8C00A68FDB /* Currency.json */ = {isa = PBXFileReference; fileEncoding = 4; lastKnownFileType = text.json; path = Currency.json; sourceTree = "<group>"; };
		648306B02C168E8C00A68FDB /* CurrencyConversion.json */ = {isa = PBXFileReference; fileEncoding = 4; lastKnownFileType = text.json; path = CurrencyConversion.json; sourceTree = "<group>"; };
		648306B12C168E8C00A68FDB /* Flags.json */ = {isa = PBXFileReference; fileEncoding = 4; lastKnownFileType = text.json; path = Flags.json; sourceTree = "<group>"; };
		648306B22C168E8C00A68FDB /* PointsOfInterest.json */ = {isa = PBXFileReference; fileEncoding = 4; lastKnownFileType = text.json; path = PointsOfInterest.json; sourceTree = "<group>"; };
/* End PBXFileReference section */

/* Begin PBXFrameworksBuildPhase section */
		555E1E122C14B2B200C1A03C /* Frameworks */ = {
			isa = PBXFrameworksBuildPhase;
			buildActionMask = 2147483647;
			files = (
			);
			runOnlyForDeploymentPostprocessing = 0;
		};
/* End PBXFrameworksBuildPhase section */

/* Begin PBXGroup section */
		555E1E0C2C14B2B200C1A03C = {
			isa = PBXGroup;
			children = (
				555E1E172C14B2B200C1A03C /* CountryCurrencyApp */,
				555E1E162C14B2B200C1A03C /* Products */,
			);
			sourceTree = "<group>";
		};
		555E1E162C14B2B200C1A03C /* Products */ = {
			isa = PBXGroup;
			children = (
				555E1E152C14B2B200C1A03C /* CountryCurrencyApp.app */,
			);
			name = Products;
			sourceTree = "<group>";
		};
		555E1E172C14B2B200C1A03C /* CountryCurrencyApp */ = {
			isa = PBXGroup;
			children = (
				64605DEF2C1950BA0076B321 /* Notifications */,
				648306AB2C168E7500A68FDB /* Networking */,
				555E1E5A2C14CF6400C1A03C /* CurrencyModels */,
				555E1E322C14B40F00C1A03C /* Country */,
				555E1E182C14B2B200C1A03C /* AppDelegate.swift */,
				555E1E1A2C14B2B200C1A03C /* SceneDelegate.swift */,
				64605DE92C1933230076B321 /* TabBarViewContoller.swift */,
				555E1E1C2C14B2B200C1A03C /* ViewController.swift */,
				555E1E212C14B2B400C1A03C /* Assets.xcassets */,
				555E1E232C14B2B400C1A03C /* LaunchScreen.storyboard */,
				555E1E262C14B2B400C1A03C /* Info.plist */,
				555E1E352C14B46E00C1A03C /* CurrencyViewController.swift */,
			);
			path = CountryCurrencyApp;
			sourceTree = "<group>";
		};
		555E1E322C14B40F00C1A03C /* Country */ = {
			isa = PBXGroup;
			children = (
				555E1E592C14CBF400C1A03C /* CountryModels */,
				555E1E2E2C14B38500C1A03C /* CountriesViewController.swift */,
				555E1E302C14B3BE00C1A03C /* CountryCell.swift */,
				555E1E332C14B43400C1A03C /* CountryDetailViewController.swift */,
				64605DED2C1949970076B321 /* CountryPointsOfInterestsViewController.swift */,
			);
			path = Country;
			sourceTree = "<group>";
		};
		555E1E592C14CBF400C1A03C /* CountryModels */ = {
			isa = PBXGroup;
			children = (
				555E1E2C2C14B31400C1A03C /* Country.swift */,
				555E1E572C14C84600C1A03C /* CountryDetail.swift */,
				555E1E5D2C14D00800C1A03C /* Capital.swift */,
				555E1E5F2C14D26B00C1A03C /* Flag.swift */,
				64605DEB2C19422C0076B321 /* PointsOfInterest.swift */,
			);
			path = CountryModels;
			sourceTree = "<group>";
		};
		555E1E5A2C14CF6400C1A03C /* CurrencyModels */ = {
			isa = PBXGroup;
			children = (
				555E1E5B2C14CF8100C1A03C /* Currency.swift */,
			);
			path = CurrencyModels;
			sourceTree = "<group>";
		};
		64605DEF2C1950BA0076B321 /* Notifications */ = {
			isa = PBXGroup;
			children = (
				64605DF02C1950C80076B321 /* NotificationExtension.swift */,
			);
			path = Notifications;
			sourceTree = "<group>";
		};
		648306AB2C168E7500A68FDB /* Networking */ = {
			isa = PBXGroup;
			children = (
				648306B32C168E8C00A68FDB /* MockJSON */,
			);
			path = Networking;
			sourceTree = "<group>";
		};
		648306B32C168E8C00A68FDB /* MockJSON */ = {
			isa = PBXGroup;
			children = (
				648306AC2C168E8C00A68FDB /* Capitals.json */,
				648306AD2C168E8C00A68FDB /* Countries.json */,
				648306AE2C168E8C00A68FDB /* CountryDetails.json */,
				648306AF2C168E8C00A68FDB /* Currency.json */,
				648306B02C168E8C00A68FDB /* CurrencyConversion.json */,
				648306B12C168E8C00A68FDB /* Flags.json */,
				648306B22C168E8C00A68FDB /* PointsOfInterest.json */,
			);
			path = MockJSON;
			sourceTree = "<group>";
		};
/* End PBXGroup section */

/* Begin PBXNativeTarget section */
		555E1E142C14B2B200C1A03C /* CountryCurrencyApp */ = {
			isa = PBXNativeTarget;
			buildConfigurationList = 555E1E292C14B2B400C1A03C /* Build configuration list for PBXNativeTarget "CountryCurrencyApp" */;
			buildPhases = (
				555E1E112C14B2B200C1A03C /* Sources */,
				555E1E122C14B2B200C1A03C /* Frameworks */,
				555E1E132C14B2B200C1A03C /* Resources */,
			);
			buildRules = (
			);
			dependencies = (
			);
			name = CountryCurrencyApp;
			productName = CountryCurrencyApp;
			productReference = 555E1E152C14B2B200C1A03C /* CountryCurrencyApp.app */;
			productType = "com.apple.product-type.application";
		};
/* End PBXNativeTarget section */

/* Begin PBXProject section */
		555E1E0D2C14B2B200C1A03C /* Project object */ = {
			isa = PBXProject;
			attributes = {
				BuildIndependentTargetsInParallel = 1;
				LastSwiftUpdateCheck = 1500;
				LastUpgradeCheck = 1500;
				TargetAttributes = {
					555E1E142C14B2B200C1A03C = {
						CreatedOnToolsVersion = 15.0;
					};
				};
			};
			buildConfigurationList = 555E1E102C14B2B200C1A03C /* Build configuration list for PBXProject "CountryCurrencyApp" */;
			compatibilityVersion = "Xcode 14.0";
			developmentRegion = en;
			hasScannedForEncodings = 0;
			knownRegions = (
				en,
				Base,
			);
			mainGroup = 555E1E0C2C14B2B200C1A03C;
			productRefGroup = 555E1E162C14B2B200C1A03C /* Products */;
			projectDirPath = "";
			projectRoot = "";
			targets = (
				555E1E142C14B2B200C1A03C /* CountryCurrencyApp */,
			);
		};
/* End PBXProject section */

/* Begin PBXResourcesBuildPhase section */
		555E1E132C14B2B200C1A03C /* Resources */ = {
			isa = PBXResourcesBuildPhase;
			buildActionMask = 2147483647;
			files = (
				648306B72C168E8C00A68FDB /* Currency.json in Resources */,
				555E1E252C14B2B400C1A03C /* LaunchScreen.storyboard in Resources */,
				648306B62C168E8C00A68FDB /* CountryDetails.json in Resources */,
				555E1E222C14B2B400C1A03C /* Assets.xcassets in Resources */,
				648306B52C168E8C00A68FDB /* Countries.json in Resources */,
				648306B82C168E8C00A68FDB /* CurrencyConversion.json in Resources */,
				648306BA2C168E8C00A68FDB /* PointsOfInterest.json in Resources */,
				648306B42C168E8C00A68FDB /* Capitals.json in Resources */,
				648306B92C168E8C00A68FDB /* Flags.json in Resources */,
			);
			runOnlyForDeploymentPostprocessing = 0;
		};
/* End PBXResourcesBuildPhase section */

/* Begin PBXSourcesBuildPhase section */
		555E1E112C14B2B200C1A03C /* Sources */ = {
			isa = PBXSourcesBuildPhase;
			buildActionMask = 2147483647;
			files = (
				555E1E2D2C14B31400C1A03C /* Country.swift in Sources */,
				555E1E362C14B46E00C1A03C /* CurrencyViewController.swift in Sources */,
				555E1E1D2C14B2B200C1A03C /* ViewController.swift in Sources */,
				64605DEC2C19422C0076B321 /* PointsOfInterest.swift in Sources */,
				64605DEE2C1949970076B321 /* CountryPointsOfInterestsViewController.swift in Sources */,
				555E1E312C14B3BE00C1A03C /* CountryCell.swift in Sources */,
				555E1E582C14C84600C1A03C /* CountryDetail.swift in Sources */,
				555E1E342C14B43400C1A03C /* CountryDetailViewController.swift in Sources */,
				555E1E5C2C14CF8100C1A03C /* Currency.swift in Sources */,
				555E1E602C14D26B00C1A03C /* Flag.swift in Sources */,
				64605DF12C1950C80076B321 /* NotificationExtension.swift in Sources */,
				555E1E192C14B2B200C1A03C /* AppDelegate.swift in Sources */,
				555E1E5E2C14D00800C1A03C /* Capital.swift in Sources */,
				64605DEA2C1933230076B321 /* TabBarViewContoller.swift in Sources */,
				555E1E2F2C14B38500C1A03C /* CountriesViewController.swift in Sources */,
				555E1E1B2C14B2B200C1A03C /* SceneDelegate.swift in Sources */,
			);
			runOnlyForDeploymentPostprocessing = 0;
		};
/* End PBXSourcesBuildPhase section */

/* Begin PBXVariantGroup section */
		555E1E232C14B2B400C1A03C /* LaunchScreen.storyboard */ = {
			isa = PBXVariantGroup;
			children = (
				555E1E242C14B2B400C1A03C /* Base */,
			);
			name = LaunchScreen.storyboard;
			sourceTree = "<group>";
		};
/* End PBXVariantGroup section */

/* Begin XCBuildConfiguration section */
		555E1E272C14B2B400C1A03C /* Debug */ = {
			isa = XCBuildConfiguration;
			buildSettings = {
				ALWAYS_SEARCH_USER_PATHS = NO;
				ASSETCATALOG_COMPILER_GENERATE_SWIFT_ASSET_SYMBOL_EXTENSIONS = YES;
				CLANG_ANALYZER_NONNULL = YES;
				CLANG_ANALYZER_NUMBER_OBJECT_CONVERSION = YES_AGGRESSIVE;
				CLANG_CXX_LANGUAGE_STANDARD = "gnu++20";
				CLANG_ENABLE_MODULES = YES;
				CLANG_ENABLE_OBJC_ARC = YES;
				CLANG_ENABLE_OBJC_WEAK = YES;
				CLANG_WARN_BLOCK_CAPTURE_AUTORELEASING = YES;
				CLANG_WARN_BOOL_CONVERSION = YES;
				CLANG_WARN_COMMA = YES;
				CLANG_WARN_CONSTANT_CONVERSION = YES;
				CLANG_WARN_DEPRECATED_OBJC_IMPLEMENTATIONS = YES;
				CLANG_WARN_DIRECT_OBJC_ISA_USAGE = YES_ERROR;
				CLANG_WARN_DOCUMENTATION_COMMENTS = YES;
				CLANG_WARN_EMPTY_BODY = YES;
				CLANG_WARN_ENUM_CONVERSION = YES;
				CLANG_WARN_INFINITE_RECURSION = YES;
				CLANG_WARN_INT_CONVERSION = YES;
				CLANG_WARN_NON_LITERAL_NULL_CONVERSION = YES;
				CLANG_WARN_OBJC_IMPLICIT_RETAIN_SELF = YES;
				CLANG_WARN_OBJC_LITERAL_CONVERSION = YES;
				CLANG_WARN_OBJC_ROOT_CLASS = YES_ERROR;
				CLANG_WARN_QUOTED_INCLUDE_IN_FRAMEWORK_HEADER = YES;
				CLANG_WARN_RANGE_LOOP_ANALYSIS = YES;
				CLANG_WARN_STRICT_PROTOTYPES = YES;
				CLANG_WARN_SUSPICIOUS_MOVE = YES;
				CLANG_WARN_UNGUARDED_AVAILABILITY = YES_AGGRESSIVE;
				CLANG_WARN_UNREACHABLE_CODE = YES;
				CLANG_WARN__DUPLICATE_METHOD_MATCH = YES;
				COPY_PHASE_STRIP = NO;
				DEBUG_INFORMATION_FORMAT = dwarf;
				ENABLE_STRICT_OBJC_MSGSEND = YES;
				ENABLE_TESTABILITY = YES;
				ENABLE_USER_SCRIPT_SANDBOXING = YES;
				GCC_C_LANGUAGE_STANDARD = gnu17;
				GCC_DYNAMIC_NO_PIC = NO;
				GCC_NO_COMMON_BLOCKS = YES;
				GCC_OPTIMIZATION_LEVEL = 0;
				GCC_PREPROCESSOR_DEFINITIONS = (
					"DEBUG=1",
					"$(inherited)",
				);
				GCC_WARN_64_TO_32_BIT_CONVERSION = YES;
				GCC_WARN_ABOUT_RETURN_TYPE = YES_ERROR;
				GCC_WARN_UNDECLARED_SELECTOR = YES;
				GCC_WARN_UNINITIALIZED_AUTOS = YES_AGGRESSIVE;
				GCC_WARN_UNUSED_FUNCTION = YES;
				GCC_WARN_UNUSED_VARIABLE = YES;
				IPHONEOS_DEPLOYMENT_TARGET = 17.0;
				LOCALIZATION_PREFERS_STRING_CATALOGS = YES;
				MTL_ENABLE_DEBUG_INFO = INCLUDE_SOURCE;
				MTL_FAST_MATH = YES;
				ONLY_ACTIVE_ARCH = YES;
				SDKROOT = iphoneos;
				SWIFT_ACTIVE_COMPILATION_CONDITIONS = "DEBUG $(inherited)";
				SWIFT_OPTIMIZATION_LEVEL = "-Onone";
			};
			name = Debug;
		};
		555E1E282C14B2B400C1A03C /* Release */ = {
			isa = XCBuildConfiguration;
			buildSettings = {
				ALWAYS_SEARCH_USER_PATHS = NO;
				ASSETCATALOG_COMPILER_GENERATE_SWIFT_ASSET_SYMBOL_EXTENSIONS = YES;
				CLANG_ANALYZER_NONNULL = YES;
				CLANG_ANALYZER_NUMBER_OBJECT_CONVERSION = YES_AGGRESSIVE;
				CLANG_CXX_LANGUAGE_STANDARD = "gnu++20";
				CLANG_ENABLE_MODULES = YES;
				CLANG_ENABLE_OBJC_ARC = YES;
				CLANG_ENABLE_OBJC_WEAK = YES;
				CLANG_WARN_BLOCK_CAPTURE_AUTORELEASING = YES;
				CLANG_WARN_BOOL_CONVERSION = YES;
				CLANG_WARN_COMMA = YES;
				CLANG_WARN_CONSTANT_CONVERSION = YES;
				CLANG_WARN_DEPRECATED_OBJC_IMPLEMENTATIONS = YES;
				CLANG_WARN_DIRECT_OBJC_ISA_USAGE = YES_ERROR;
				CLANG_WARN_DOCUMENTATION_COMMENTS = YES;
				CLANG_WARN_EMPTY_BODY = YES;
				CLANG_WARN_ENUM_CONVERSION = YES;
				CLANG_WARN_INFINITE_RECURSION = YES;
				CLANG_WARN_INT_CONVERSION = YES;
				CLANG_WARN_NON_LITERAL_NULL_CONVERSION = YES;
				CLANG_WARN_OBJC_IMPLICIT_RETAIN_SELF = YES;
				CLANG_WARN_OBJC_LITERAL_CONVERSION = YES;
				CLANG_WARN_OBJC_ROOT_CLASS = YES_ERROR;
				CLANG_WARN_QUOTED_INCLUDE_IN_FRAMEWORK_HEADER = YES;
				CLANG_WARN_RANGE_LOOP_ANALYSIS = YES;
				CLANG_WARN_STRICT_PROTOTYPES = YES;
				CLANG_WARN_SUSPICIOUS_MOVE = YES;
				CLANG_WARN_UNGUARDED_AVAILABILITY = YES_AGGRESSIVE;
				CLANG_WARN_UNREACHABLE_CODE = YES;
				CLANG_WARN__DUPLICATE_METHOD_MATCH = YES;
				COPY_PHASE_STRIP = NO;
				DEBUG_INFORMATION_FORMAT = "dwarf-with-dsym";
				ENABLE_NS_ASSERTIONS = NO;
				ENABLE_STRICT_OBJC_MSGSEND = YES;
				ENABLE_USER_SCRIPT_SANDBOXING = YES;
				GCC_C_LANGUAGE_STANDARD = gnu17;
				GCC_NO_COMMON_BLOCKS = YES;
				GCC_WARN_64_TO_32_BIT_CONVERSION = YES;
				GCC_WARN_ABOUT_RETURN_TYPE = YES_ERROR;
				GCC_WARN_UNDECLARED_SELECTOR = YES;
				GCC_WARN_UNINITIALIZED_AUTOS = YES_AGGRESSIVE;
				GCC_WARN_UNUSED_FUNCTION = YES;
				GCC_WARN_UNUSED_VARIABLE = YES;
				IPHONEOS_DEPLOYMENT_TARGET = 17.0;
				LOCALIZATION_PREFERS_STRING_CATALOGS = YES;
				MTL_ENABLE_DEBUG_INFO = NO;
				MTL_FAST_MATH = YES;
				SDKROOT = iphoneos;
				SWIFT_COMPILATION_MODE = wholemodule;
				VALIDATE_PRODUCT = YES;
			};
			name = Release;
		};
		555E1E2A2C14B2B400C1A03C /* Debug */ = {
			isa = XCBuildConfiguration;
			buildSettings = {
				ASSETCATALOG_COMPILER_APPICON_NAME = AppIcon;
				ASSETCATALOG_COMPILER_GLOBAL_ACCENT_COLOR_NAME = AccentColor;
				CODE_SIGN_STYLE = Automatic;
				CURRENT_PROJECT_VERSION = 1;
				GENERATE_INFOPLIST_FILE = YES;
				INFOPLIST_FILE = CountryCurrencyApp/Info.plist;
				INFOPLIST_KEY_UIApplicationSupportsIndirectInputEvents = YES;
				INFOPLIST_KEY_UILaunchStoryboardName = LaunchScreen;
				INFOPLIST_KEY_UISupportedInterfaceOrientations_iPad = "UIInterfaceOrientationPortrait UIInterfaceOrientationPortraitUpsideDown UIInterfaceOrientationLandscapeLeft UIInterfaceOrientationLandscapeRight";
				INFOPLIST_KEY_UISupportedInterfaceOrientations_iPhone = "UIInterfaceOrientationPortrait UIInterfaceOrientationLandscapeLeft UIInterfaceOrientationLandscapeRight";
				IPHONEOS_DEPLOYMENT_TARGET = 16.6;
				LD_RUNPATH_SEARCH_PATHS = (
					"$(inherited)",
					"@executable_path/Frameworks",
				);
				MARKETING_VERSION = 1.0;
				PRODUCT_BUNDLE_IDENTIFIER = iOSLabFi.CountryCurrencyApp;
				PRODUCT_NAME = "$(TARGET_NAME)";
				SWIFT_EMIT_LOC_STRINGS = YES;
				SWIFT_VERSION = 5.0;
				TARGETED_DEVICE_FAMILY = "1,2";
			};
			name = Debug;
		};
		555E1E2B2C14B2B400C1A03C /* Release */ = {
			isa = XCBuildConfiguration;
			buildSettings = {
				ASSETCATALOG_COMPILER_APPICON_NAME = AppIcon;
				ASSETCATALOG_COMPILER_GLOBAL_ACCENT_COLOR_NAME = AccentColor;
				CODE_SIGN_STYLE = Automatic;
				CURRENT_PROJECT_VERSION = 1;
				GENERATE_INFOPLIST_FILE = YES;
				INFOPLIST_FILE = CountryCurrencyApp/Info.plist;
				INFOPLIST_KEY_UIApplicationSupportsIndirectInputEvents = YES;
				INFOPLIST_KEY_UILaunchStoryboardName = LaunchScreen;
				INFOPLIST_KEY_UISupportedInterfaceOrientations_iPad = "UIInterfaceOrientationPortrait UIInterfaceOrientationPortraitUpsideDown UIInterfaceOrientationLandscapeLeft UIInterfaceOrientationLandscapeRight";
				INFOPLIST_KEY_UISupportedInterfaceOrientations_iPhone = "UIInterfaceOrientationPortrait UIInterfaceOrientationLandscapeLeft UIInterfaceOrientationLandscapeRight";
				IPHONEOS_DEPLOYMENT_TARGET = 16.6;
				LD_RUNPATH_SEARCH_PATHS = (
					"$(inherited)",
					"@executable_path/Frameworks",
				);
				MARKETING_VERSION = 1.0;
				PRODUCT_BUNDLE_IDENTIFIER = iOSLabFi.CountryCurrencyApp;
				PRODUCT_NAME = "$(TARGET_NAME)";
				SWIFT_EMIT_LOC_STRINGS = YES;
				SWIFT_VERSION = 5.0;
				TARGETED_DEVICE_FAMILY = "1,2";
			};
			name = Release;
		};
/* End XCBuildConfiguration section */

/* Begin XCConfigurationList section */
		555E1E102C14B2B200C1A03C /* Build configuration list for PBXProject "CountryCurrencyApp" */ = {
			isa = XCConfigurationList;
			buildConfigurations = (
				555E1E272C14B2B400C1A03C /* Debug */,
				555E1E282C14B2B400C1A03C /* Release */,
			);
			defaultConfigurationIsVisible = 0;
			defaultConfigurationName = Release;
		};
		555E1E292C14B2B400C1A03C /* Build configuration list for PBXNativeTarget "CountryCurrencyApp" */ = {
			isa = XCConfigurationList;
			buildConfigurations = (
				555E1E2A2C14B2B400C1A03C /* Debug */,
				555E1E2B2C14B2B400C1A03C /* Release */,
			);
			defaultConfigurationIsVisible = 0;
			defaultConfigurationName = Release;
		};
/* End XCConfigurationList section */
	};
	rootObject = 555E1E0D2C14B2B200C1A03C /* Project object */;
}
