// !$*UTF8*$!
{
	archiveVersion = 1;
	classes = {
	};
	objectVersion = 56;
	objects = {

/* Begin PBXBuildFile section */
		D43D9A0C2C545B0200FFD208 /* pokedex_swiftufApp.swift in Sources */ = {isa = PBXBuildFile; fileRef = D43D9A0B2C545B0200FFD208 /* pokedex_swiftufApp.swift */; };
		D43D9A0E2C545B0200FFD208 /* ContentView.swift in Sources */ = {isa = PBXBuildFile; fileRef = D43D9A0D2C545B0200FFD208 /* ContentView.swift */; };
		D43D9A102C545B0400FFD208 /* Assets.xcassets in Resources */ = {isa = PBXBuildFile; fileRef = D43D9A0F2C545B0400FFD208 /* Assets.xcassets */; };
		D43D9A132C545B0400FFD208 /* Preview Assets.xcassets in Resources */ = {isa = PBXBuildFile; fileRef = D43D9A122C545B0400FFD208 /* Preview Assets.xcassets */; };
		D43D9A1A2C545F6F00FFD208 /* CircleImage.swift in Sources */ = {isa = PBXBuildFile; fileRef = D43D9A192C545F6F00FFD208 /* CircleImage.swift */; };
		D43D9A1E2C5462D500FFD208 /* Examples.swift in Sources */ = {isa = PBXBuildFile; fileRef = D43D9A1D2C5462D500FFD208 /* Examples.swift */; };
		D43D9A232C547B5F00FFD208 /* pokemon_list.json in Resources */ = {isa = PBXBuildFile; fileRef = D43D9A222C547B5F00FFD208 /* pokemon_list.json */; };
		D43D9A252C547B8200FFD208 /* Pokemon.swift in Sources */ = {isa = PBXBuildFile; fileRef = D43D9A242C547B8200FFD208 /* Pokemon.swift */; };
		D43D9A272C547C5600FFD208 /* ModelData.swift in Sources */ = {isa = PBXBuildFile; fileRef = D43D9A262C547C5600FFD208 /* ModelData.swift */; };
		D43D9A292C547D8900FFD208 /* PokemonRow.swift in Sources */ = {isa = PBXBuildFile; fileRef = D43D9A282C547D8900FFD208 /* PokemonRow.swift */; };
		D43D9A2B2C547FE800FFD208 /* PokemonList.swift in Sources */ = {isa = PBXBuildFile; fileRef = D43D9A2A2C547FE800FFD208 /* PokemonList.swift */; };
		D43D9A2E2C5482ED00FFD208 /* PokemonDetailView.swift in Sources */ = {isa = PBXBuildFile; fileRef = D43D9A2D2C5482ED00FFD208 /* PokemonDetailView.swift */; };
/* End PBXBuildFile section */

/* Begin PBXFileReference section */
		D43D9A082C545B0200FFD208 /* pokedex-swiftuf.app */ = {isa = PBXFileReference; explicitFileType = wrapper.application; includeInIndex = 0; path = "pokedex-swiftuf.app"; sourceTree = BUILT_PRODUCTS_DIR; };
		D43D9A0B2C545B0200FFD208 /* pokedex_swiftufApp.swift */ = {isa = PBXFileReference; lastKnownFileType = sourcecode.swift; path = pokedex_swiftufApp.swift; sourceTree = "<group>"; };
		D43D9A0D2C545B0200FFD208 /* ContentView.swift */ = {isa = PBXFileReference; lastKnownFileType = sourcecode.swift; path = ContentView.swift; sourceTree = "<group>"; };
		D43D9A0F2C545B0400FFD208 /* Assets.xcassets */ = {isa = PBXFileReference; lastKnownFileType = folder.assetcatalog; path = Assets.xcassets; sourceTree = "<group>"; };
		D43D9A122C545B0400FFD208 /* Preview Assets.xcassets */ = {isa = PBXFileReference; lastKnownFileType = folder.assetcatalog; path = "Preview Assets.xcassets"; sourceTree = "<group>"; };
		D43D9A192C545F6F00FFD208 /* CircleImage.swift */ = {isa = PBXFileReference; lastKnownFileType = sourcecode.swift; path = CircleImage.swift; sourceTree = "<group>"; };
		D43D9A1D2C5462D500FFD208 /* Examples.swift */ = {isa = PBXFileReference; lastKnownFileType = sourcecode.swift; path = Examples.swift; sourceTree = "<group>"; };
		D43D9A222C547B5F00FFD208 /* pokemon_list.json */ = {isa = PBXFileReference; fileEncoding = 4; lastKnownFileType = text.json; path = pokemon_list.json; sourceTree = "<group>"; };
		D43D9A242C547B8200FFD208 /* Pokemon.swift */ = {isa = PBXFileReference; lastKnownFileType = sourcecode.swift; path = Pokemon.swift; sourceTree = "<group>"; };
		D43D9A262C547C5600FFD208 /* ModelData.swift */ = {isa = PBXFileReference; lastKnownFileType = sourcecode.swift; path = ModelData.swift; sourceTree = "<group>"; };
		D43D9A282C547D8900FFD208 /* PokemonRow.swift */ = {isa = PBXFileReference; lastKnownFileType = sourcecode.swift; path = PokemonRow.swift; sourceTree = "<group>"; };
		D43D9A2A2C547FE800FFD208 /* PokemonList.swift */ = {isa = PBXFileReference; lastKnownFileType = sourcecode.swift; path = PokemonList.swift; sourceTree = "<group>"; };
		D43D9A2D2C5482ED00FFD208 /* PokemonDetailView.swift */ = {isa = PBXFileReference; lastKnownFileType = sourcecode.swift; path = PokemonDetailView.swift; sourceTree = "<group>"; };
/* End PBXFileReference section */

/* Begin PBXFrameworksBuildPhase section */
		D43D9A052C545B0200FFD208 /* Frameworks */ = {
			isa = PBXFrameworksBuildPhase;
			buildActionMask = 2147483647;
			files = (
			);
			runOnlyForDeploymentPostprocessing = 0;
		};
/* End PBXFrameworksBuildPhase section */

/* Begin PBXGroup section */
		D43D99FF2C545B0200FFD208 = {
			isa = PBXGroup;
			children = (
				D43D9A0A2C545B0200FFD208 /* pokedex-swiftuf */,
				D43D9A092C545B0200FFD208 /* Products */,
			);
			sourceTree = "<group>";
		};
		D43D9A092C545B0200FFD208 /* Products */ = {
			isa = PBXGroup;
			children = (
				D43D9A082C545B0200FFD208 /* pokedex-swiftuf.app */,
			);
			name = Products;
			sourceTree = "<group>";
		};
		D43D9A0A2C545B0200FFD208 /* pokedex-swiftuf */ = {
			isa = PBXGroup;
			children = (
				D43D9A192C545F6F00FFD208 /* CircleImage.swift */,
				D43D9A212C547B0D00FFD208 /* Resources */,
				D43D9A202C547ABF00FFD208 /* View */,
				D43D9A1F2C547AB600FFD208 /* Model */,
				D43D9A0B2C545B0200FFD208 /* pokedex_swiftufApp.swift */,
				D43D9A0F2C545B0400FFD208 /* Assets.xcassets */,
				D43D9A112C545B0400FFD208 /* Preview Content */,
				D43D9A1D2C5462D500FFD208 /* Examples.swift */,
			);
			path = "pokedex-swiftuf";
			sourceTree = "<group>";
		};
		D43D9A112C545B0400FFD208 /* Preview Content */ = {
			isa = PBXGroup;
			children = (
				D43D9A122C545B0400FFD208 /* Preview Assets.xcassets */,
			);
			path = "Preview Content";
			sourceTree = "<group>";
		};
		D43D9A1F2C547AB600FFD208 /* Model */ = {
			isa = PBXGroup;
			children = (
				D43D9A242C547B8200FFD208 /* Pokemon.swift */,
				D43D9A262C547C5600FFD208 /* ModelData.swift */,
			);
			path = Model;
			sourceTree = "<group>";
		};
		D43D9A202C547ABF00FFD208 /* View */ = {
			isa = PBXGroup;
			children = (
				D43D9A0D2C545B0200FFD208 /* ContentView.swift */,
				D43D9A282C547D8900FFD208 /* PokemonRow.swift */,
				D43D9A2A2C547FE800FFD208 /* PokemonList.swift */,
				D43D9A2D2C5482ED00FFD208 /* PokemonDetailView.swift */,
			);
			path = View;
			sourceTree = "<group>";
		};
		D43D9A212C547B0D00FFD208 /* Resources */ = {
			isa = PBXGroup;
			children = (
				D43D9A222C547B5F00FFD208 /* pokemon_list.json */,
			);
			path = Resources;
			sourceTree = "<group>";
		};
/* End PBXGroup section */

/* Begin PBXNativeTarget section */
		D43D9A072C545B0200FFD208 /* pokedex-swiftuf */ = {
			isa = PBXNativeTarget;
			buildConfigurationList = D43D9A162C545B0400FFD208 /* Build configuration list for PBXNativeTarget "pokedex-swiftuf" */;
			buildPhases = (
				D43D9A042C545B0200FFD208 /* Sources */,
				D43D9A052C545B0200FFD208 /* Frameworks */,
				D43D9A062C545B0200FFD208 /* Resources */,
			);
			buildRules = (
			);
			dependencies = (
			);
			name = "pokedex-swiftuf";
			productName = "pokedex-swiftuf";
			productReference = D43D9A082C545B0200FFD208 /* pokedex-swiftuf.app */;
			productType = "com.apple.product-type.application";
		};
/* End PBXNativeTarget section */

/* Begin PBXProject section */
		D43D9A002C545B0200FFD208 /* Project object */ = {
			isa = PBXProject;
			attributes = {
				BuildIndependentTargetsInParallel = 1;
				LastSwiftUpdateCheck = 1540;
				LastUpgradeCheck = 1540;
				TargetAttributes = {
					D43D9A072C545B0200FFD208 = {
						CreatedOnToolsVersion = 15.4;
					};
				};
			};
			buildConfigurationList = D43D9A032C545B0200FFD208 /* Build configuration list for PBXProject "pokedex-swiftuf" */;
			compatibilityVersion = "Xcode 14.0";
			developmentRegion = en;
			hasScannedForEncodings = 0;
			knownRegions = (
				en,
				Base,
			);
			mainGroup = D43D99FF2C545B0200FFD208;
			productRefGroup = D43D9A092C545B0200FFD208 /* Products */;
			projectDirPath = "";
			projectRoot = "";
			targets = (
				D43D9A072C545B0200FFD208 /* pokedex-swiftuf */,
			);
		};
/* End PBXProject section */

/* Begin PBXResourcesBuildPhase section */
		D43D9A062C545B0200FFD208 /* Resources */ = {
			isa = PBXResourcesBuildPhase;
			buildActionMask = 2147483647;
			files = (
				D43D9A132C545B0400FFD208 /* Preview Assets.xcassets in Resources */,
				D43D9A232C547B5F00FFD208 /* pokemon_list.json in Resources */,
				D43D9A102C545B0400FFD208 /* Assets.xcassets in Resources */,
			);
			runOnlyForDeploymentPostprocessing = 0;
		};
/* End PBXResourcesBuildPhase section */

/* Begin PBXSourcesBuildPhase section */
		D43D9A042C545B0200FFD208 /* Sources */ = {
			isa = PBXSourcesBuildPhase;
			buildActionMask = 2147483647;
			files = (
				D43D9A0E2C545B0200FFD208 /* ContentView.swift in Sources */,
				D43D9A0C2C545B0200FFD208 /* pokedex_swiftufApp.swift in Sources */,
				D43D9A2E2C5482ED00FFD208 /* PokemonDetailView.swift in Sources */,
				D43D9A1E2C5462D500FFD208 /* Examples.swift in Sources */,
				D43D9A292C547D8900FFD208 /* PokemonRow.swift in Sources */,
				D43D9A2B2C547FE800FFD208 /* PokemonList.swift in Sources */,
				D43D9A1A2C545F6F00FFD208 /* CircleImage.swift in Sources */,
				D43D9A252C547B8200FFD208 /* Pokemon.swift in Sources */,
				D43D9A272C547C5600FFD208 /* ModelData.swift in Sources */,
			);
			runOnlyForDeploymentPostprocessing = 0;
		};
/* End PBXSourcesBuildPhase section */

/* Begin XCBuildConfiguration section */
		D43D9A142C545B0400FFD208 /* Debug */ = {
			isa = XCBuildConfiguration;
			buildSettings = {
				ALWAYS_SEARCH_USER_PATHS = NO;
				ASSETCATALOG_COMPILER_GENERATE_SWIFT_ASSET_SYMBOL_EXTENSIONS = YES;
				CLANG_ANALYZER_NONNULL = YES;
				CLANG_ANALYZER_NUMBER_OBJECT_CONVERSION = YES_AGGRESSIVE;
				CLANG_CXX_LANGUAGE_STANDARD = "gnu++20";
				CLANG_ENABLE_MODULES = YES;
				CLANG_ENABLE_OBJC_ARC = YES;
				CLANG_ENABLE_OBJC_WEAK = YES;
				CLANG_WARN_BLOCK_CAPTURE_AUTORELEASING = YES;
				CLANG_WARN_BOOL_CONVERSION = YES;
				CLANG_WARN_COMMA = YES;
				CLANG_WARN_CONSTANT_CONVERSION = YES;
				CLANG_WARN_DEPRECATED_OBJC_IMPLEMENTATIONS = YES;
				CLANG_WARN_DIRECT_OBJC_ISA_USAGE = YES_ERROR;
				CLANG_WARN_DOCUMENTATION_COMMENTS = YES;
				CLANG_WARN_EMPTY_BODY = YES;
				CLANG_WARN_ENUM_CONVERSION = YES;
				CLANG_WARN_INFINITE_RECURSION = YES;
				CLANG_WARN_INT_CONVERSION = YES;
				CLANG_WARN_NON_LITERAL_NULL_CONVERSION = YES;
				CLANG_WARN_OBJC_IMPLICIT_RETAIN_SELF = YES;
				CLANG_WARN_OBJC_LITERAL_CONVERSION = YES;
				CLANG_WARN_OBJC_ROOT_CLASS = YES_ERROR;
				CLANG_WARN_QUOTED_INCLUDE_IN_FRAMEWORK_HEADER = YES;
				CLANG_WARN_RANGE_LOOP_ANALYSIS = YES;
				CLANG_WARN_STRICT_PROTOTYPES = YES;
				CLANG_WARN_SUSPICIOUS_MOVE = YES;
				CLANG_WARN_UNGUARDED_AVAILABILITY = YES_AGGRESSIVE;
				CLANG_WARN_UNREACHABLE_CODE = YES;
				CLANG_WARN__DUPLICATE_METHOD_MATCH = YES;
				COPY_PHASE_STRIP = NO;
				DEBUG_INFORMATION_FORMAT = dwarf;
				ENABLE_STRICT_OBJC_MSGSEND = YES;
				ENABLE_TESTABILITY = YES;
				ENABLE_USER_SCRIPT_SANDBOXING = YES;
				GCC_C_LANGUAGE_STANDARD = gnu17;
				GCC_DYNAMIC_NO_PIC = NO;
				GCC_NO_COMMON_BLOCKS = YES;
				GCC_OPTIMIZATION_LEVEL = 0;
				GCC_PREPROCESSOR_DEFINITIONS = (
					"DEBUG=1",
					"$(inherited)",
				);
				GCC_WARN_64_TO_32_BIT_CONVERSION = YES;
				GCC_WARN_ABOUT_RETURN_TYPE = YES_ERROR;
				GCC_WARN_UNDECLARED_SELECTOR = YES;
				GCC_WARN_UNINITIALIZED_AUTOS = YES_AGGRESSIVE;
				GCC_WARN_UNUSED_FUNCTION = YES;
				GCC_WARN_UNUSED_VARIABLE = YES;
				IPHONEOS_DEPLOYMENT_TARGET = 17.5;
				LOCALIZATION_PREFERS_STRING_CATALOGS = YES;
				MTL_ENABLE_DEBUG_INFO = INCLUDE_SOURCE;
				MTL_FAST_MATH = YES;
				ONLY_ACTIVE_ARCH = YES;
				SDKROOT = iphoneos;
				SWIFT_ACTIVE_COMPILATION_CONDITIONS = "DEBUG $(inherited)";
				SWIFT_OPTIMIZATION_LEVEL = "-Onone";
			};
			name = Debug;
		};
		D43D9A152C545B0400FFD208 /* Release */ = {
			isa = XCBuildConfiguration;
			buildSettings = {
				ALWAYS_SEARCH_USER_PATHS = NO;
				ASSETCATALOG_COMPILER_GENERATE_SWIFT_ASSET_SYMBOL_EXTENSIONS = YES;
				CLANG_ANALYZER_NONNULL = YES;
				CLANG_ANALYZER_NUMBER_OBJECT_CONVERSION = YES_AGGRESSIVE;
				CLANG_CXX_LANGUAGE_STANDARD = "gnu++20";
				CLANG_ENABLE_MODULES = YES;
				CLANG_ENABLE_OBJC_ARC = YES;
				CLANG_ENABLE_OBJC_WEAK = YES;
				CLANG_WARN_BLOCK_CAPTURE_AUTORELEASING = YES;
				CLANG_WARN_BOOL_CONVERSION = YES;
				CLANG_WARN_COMMA = YES;
				CLANG_WARN_CONSTANT_CONVERSION = YES;
				CLANG_WARN_DEPRECATED_OBJC_IMPLEMENTATIONS = YES;
				CLANG_WARN_DIRECT_OBJC_ISA_USAGE = YES_ERROR;
				CLANG_WARN_DOCUMENTATION_COMMENTS = YES;
				CLANG_WARN_EMPTY_BODY = YES;
				CLANG_WARN_ENUM_CONVERSION = YES;
				CLANG_WARN_INFINITE_RECURSION = YES;
				CLANG_WARN_INT_CONVERSION = YES;
				CLANG_WARN_NON_LITERAL_NULL_CONVERSION = YES;
				CLANG_WARN_OBJC_IMPLICIT_RETAIN_SELF = YES;
				CLANG_WARN_OBJC_LITERAL_CONVERSION = YES;
				CLANG_WARN_OBJC_ROOT_CLASS = YES_ERROR;
				CLANG_WARN_QUOTED_INCLUDE_IN_FRAMEWORK_HEADER = YES;
				CLANG_WARN_RANGE_LOOP_ANALYSIS = YES;
				CLANG_WARN_STRICT_PROTOTYPES = YES;
				CLANG_WARN_SUSPICIOUS_MOVE = YES;
				CLANG_WARN_UNGUARDED_AVAILABILITY = YES_AGGRESSIVE;
				CLANG_WARN_UNREACHABLE_CODE = YES;
				CLANG_WARN__DUPLICATE_METHOD_MATCH = YES;
				COPY_PHASE_STRIP = NO;
				DEBUG_INFORMATION_FORMAT = "dwarf-with-dsym";
				ENABLE_NS_ASSERTIONS = NO;
				ENABLE_STRICT_OBJC_MSGSEND = YES;
				ENABLE_USER_SCRIPT_SANDBOXING = YES;
				GCC_C_LANGUAGE_STANDARD = gnu17;
				GCC_NO_COMMON_BLOCKS = YES;
				GCC_WARN_64_TO_32_BIT_CONVERSION = YES;
				GCC_WARN_ABOUT_RETURN_TYPE = YES_ERROR;
				GCC_WARN_UNDECLARED_SELECTOR = YES;
				GCC_WARN_UNINITIALIZED_AUTOS = YES_AGGRESSIVE;
				GCC_WARN_UNUSED_FUNCTION = YES;
				GCC_WARN_UNUSED_VARIABLE = YES;
				IPHONEOS_DEPLOYMENT_TARGET = 17.5;
				LOCALIZATION_PREFERS_STRING_CATALOGS = YES;
				MTL_ENABLE_DEBUG_INFO = NO;
				MTL_FAST_MATH = YES;
				SDKROOT = iphoneos;
				SWIFT_COMPILATION_MODE = wholemodule;
				VALIDATE_PRODUCT = YES;
			};
			name = Release;
		};
		D43D9A172C545B0400FFD208 /* Debug */ = {
			isa = XCBuildConfiguration;
			buildSettings = {
				ASSETCATALOG_COMPILER_APPICON_NAME = AppIcon;
				ASSETCATALOG_COMPILER_GLOBAL_ACCENT_COLOR_NAME = AccentColor;
				CODE_SIGN_STYLE = Automatic;
				CURRENT_PROJECT_VERSION = 1;
				DEVELOPMENT_ASSET_PATHS = "\"pokedex-swiftuf/Preview Content\"";
				DEVELOPMENT_TEAM = 59JWRUY5S9;
				ENABLE_PREVIEWS = YES;
				GENERATE_INFOPLIST_FILE = YES;
				INFOPLIST_KEY_UIApplicationSceneManifest_Generation = YES;
				INFOPLIST_KEY_UIApplicationSupportsIndirectInputEvents = YES;
				INFOPLIST_KEY_UILaunchScreen_Generation = YES;
				INFOPLIST_KEY_UISupportedInterfaceOrientations_iPad = "UIInterfaceOrientationPortrait UIInterfaceOrientationPortraitUpsideDown UIInterfaceOrientationLandscapeLeft UIInterfaceOrientationLandscapeRight";
				INFOPLIST_KEY_UISupportedInterfaceOrientations_iPhone = "UIInterfaceOrientationPortrait UIInterfaceOrientationLandscapeLeft UIInterfaceOrientationLandscapeRight";
				IPHONEOS_DEPLOYMENT_TARGET = 17.0;
				LD_RUNPATH_SEARCH_PATHS = (
					"$(inherited)",
					"@executable_path/Frameworks",
				);
				MARKETING_VERSION = 1.0;
				PRODUCT_BUNDLE_IDENTIFIER = "zippi.com.pokedex-swiftuf";
				PRODUCT_NAME = "$(TARGET_NAME)";
				SWIFT_EMIT_LOC_STRINGS = YES;
				SWIFT_VERSION = 5.0;
				TARGETED_DEVICE_FAMILY = "1,2";
			};
			name = Debug;
		};
		D43D9A182C545B0400FFD208 /* Release */ = {
			isa = XCBuildConfiguration;
			buildSettings = {
				ASSETCATALOG_COMPILER_APPICON_NAME = AppIcon;
				ASSETCATALOG_COMPILER_GLOBAL_ACCENT_COLOR_NAME = AccentColor;
				CODE_SIGN_STYLE = Automatic;
				CURRENT_PROJECT_VERSION = 1;
				DEVELOPMENT_ASSET_PATHS = "\"pokedex-swiftuf/Preview Content\"";
				DEVELOPMENT_TEAM = 59JWRUY5S9;
				ENABLE_PREVIEWS = YES;
				GENERATE_INFOPLIST_FILE = YES;
				INFOPLIST_KEY_UIApplicationSceneManifest_Generation = YES;
				INFOPLIST_KEY_UIApplicationSupportsIndirectInputEvents = YES;
				INFOPLIST_KEY_UILaunchScreen_Generation = YES;
				INFOPLIST_KEY_UISupportedInterfaceOrientations_iPad = "UIInterfaceOrientationPortrait UIInterfaceOrientationPortraitUpsideDown UIInterfaceOrientationLandscapeLeft UIInterfaceOrientationLandscapeRight";
				INFOPLIST_KEY_UISupportedInterfaceOrientations_iPhone = "UIInterfaceOrientationPortrait UIInterfaceOrientationLandscapeLeft UIInterfaceOrientationLandscapeRight";
				IPHONEOS_DEPLOYMENT_TARGET = 17.0;
				LD_RUNPATH_SEARCH_PATHS = (
					"$(inherited)",
					"@executable_path/Frameworks",
				);
				MARKETING_VERSION = 1.0;
				PRODUCT_BUNDLE_IDENTIFIER = "zippi.com.pokedex-swiftuf";
				PRODUCT_NAME = "$(TARGET_NAME)";
				SWIFT_EMIT_LOC_STRINGS = YES;
				SWIFT_VERSION = 5.0;
				TARGETED_DEVICE_FAMILY = "1,2";
			};
			name = Release;
		};
/* End XCBuildConfiguration section */

/* Begin XCConfigurationList section */
		D43D9A032C545B0200FFD208 /* Build configuration list for PBXProject "pokedex-swiftuf" */ = {
			isa = XCConfigurationList;
			buildConfigurations = (
				D43D9A142C545B0400FFD208 /* Debug */,
				D43D9A152C545B0400FFD208 /* Release */,
			);
			defaultConfigurationIsVisible = 0;
			defaultConfigurationName = Release;
		};
		D43D9A162C545B0400FFD208 /* Build configuration list for PBXNativeTarget "pokedex-swiftuf" */ = {
			isa = XCConfigurationList;
			buildConfigurations = (
				D43D9A172C545B0400FFD208 /* Debug */,
				D43D9A182C545B0400FFD208 /* Release */,
			);
			defaultConfigurationIsVisible = 0;
			defaultConfigurationName = Release;
		};
/* End XCConfigurationList section */
	};
	rootObject = D43D9A002C545B0200FFD208 /* Project object */;
}
