// !$*UTF8*$!
{
	archiveVersion = 1;
	classes = {
	};
	objectVersion = 56;
	objects = {

/* Begin PBXBuildFile section */
		5501901F2BAE744B0025E753 /* AppDelegate.swift in Sources */ = {isa = PBXBuildFile; fileRef = 5501901E2BAE744B0025E753 /* AppDelegate.swift */; };
		550190212BAE744B0025E753 /* SceneDelegate.swift in Sources */ = {isa = PBXBuildFile; fileRef = 550190202BAE744B0025E753 /* SceneDelegate.swift */; };
		550190232BAE744B0025E753 /* ViewController.swift in Sources */ = {isa = PBXBuildFile; fileRef = 550190222BAE744B0025E753 /* ViewController.swift */; };
		550190262BAE744B0025E753 /* Main.storyboard in Resources */ = {isa = PBXBuildFile; fileRef = 550190242BAE744B0025E753 /* Main.storyboard */; };
		550190282BAE744C0025E753 /* Assets.xcassets in Resources */ = {isa = PBXBuildFile; fileRef = 550190272BAE744C0025E753 /* Assets.xcassets */; };
		5501902B2BAE744C0025E753 /* LaunchScreen.storyboard in Resources */ = {isa = PBXBuildFile; fileRef = 550190292BAE744C0025E753 /* LaunchScreen.storyboard */; };
		55B6DE052BCAED89008448B8 /* BancoViewController.swift in Sources */ = {isa = PBXBuildFile; fileRef = 55B6DE042BCAED89008448B8 /* BancoViewController.swift */; };
		55FAA41A2BC1D65400A39E31 /* LoginViewController.swift in Sources */ = {isa = PBXBuildFile; fileRef = 55FAA4192BC1D65400A39E31 /* LoginViewController.swift */; };
/* End PBXBuildFile section */

/* Begin PBXFileReference section */
		5501901B2BAE744B0025E753 /* BankUnam.app */ = {isa = PBXFileReference; explicitFileType = wrapper.application; includeInIndex = 0; path = BankUnam.app; sourceTree = BUILT_PRODUCTS_DIR; };
		5501901E2BAE744B0025E753 /* AppDelegate.swift */ = {isa = PBXFileReference; lastKnownFileType = sourcecode.swift; path = AppDelegate.swift; sourceTree = "<group>"; };
		550190202BAE744B0025E753 /* SceneDelegate.swift */ = {isa = PBXFileReference; lastKnownFileType = sourcecode.swift; path = SceneDelegate.swift; sourceTree = "<group>"; };
		550190222BAE744B0025E753 /* ViewController.swift */ = {isa = PBXFileReference; lastKnownFileType = sourcecode.swift; path = ViewController.swift; sourceTree = "<group>"; };
		550190252BAE744B0025E753 /* Base */ = {isa = PBXFileReference; lastKnownFileType = file.storyboard; name = Base; path = Base.lproj/Main.storyboard; sourceTree = "<group>"; };
		550190272BAE744C0025E753 /* Assets.xcassets */ = {isa = PBXFileReference; lastKnownFileType = folder.assetcatalog; path = Assets.xcassets; sourceTree = "<group>"; };
		5501902A2BAE744C0025E753 /* Base */ = {isa = PBXFileReference; lastKnownFileType = file.storyboard; name = Base; path = Base.lproj/LaunchScreen.storyboard; sourceTree = "<group>"; };
		5501902C2BAE744C0025E753 /* Info.plist */ = {isa = PBXFileReference; lastKnownFileType = text.plist.xml; path = Info.plist; sourceTree = "<group>"; };
		55B6DE042BCAED89008448B8 /* BancoViewController.swift */ = {isa = PBXFileReference; lastKnownFileType = sourcecode.swift; path = BancoViewController.swift; sourceTree = "<group>"; };
		55FAA4192BC1D65400A39E31 /* LoginViewController.swift */ = {isa = PBXFileReference; lastKnownFileType = sourcecode.swift; path = LoginViewController.swift; sourceTree = "<group>"; };
/* End PBXFileReference section */

/* Begin PBXFrameworksBuildPhase section */
		550190182BAE744B0025E753 /* Frameworks */ = {
			isa = PBXFrameworksBuildPhase;
			buildActionMask = 2147483647;
			files = (
			);
			runOnlyForDeploymentPostprocessing = 0;
		};
/* End PBXFrameworksBuildPhase section */

/* Begin PBXGroup section */
		550190122BAE744B0025E753 = {
			isa = PBXGroup;
			children = (
				5501901D2BAE744B0025E753 /* BankUnam */,
				5501901C2BAE744B0025E753 /* Products */,
			);
			sourceTree = "<group>";
		};
		5501901C2BAE744B0025E753 /* Products */ = {
			isa = PBXGroup;
			children = (
				5501901B2BAE744B0025E753 /* BankUnam.app */,
			);
			name = Products;
			sourceTree = "<group>";
		};
		5501901D2BAE744B0025E753 /* BankUnam */ = {
			isa = PBXGroup;
			children = (
				5501901E2BAE744B0025E753 /* AppDelegate.swift */,
				550190202BAE744B0025E753 /* SceneDelegate.swift */,
				550190222BAE744B0025E753 /* ViewController.swift */,
				550190242BAE744B0025E753 /* Main.storyboard */,
				550190272BAE744C0025E753 /* Assets.xcassets */,
				550190292BAE744C0025E753 /* LaunchScreen.storyboard */,
				5501902C2BAE744C0025E753 /* Info.plist */,
				55FAA4192BC1D65400A39E31 /* LoginViewController.swift */,
				55B6DE042BCAED89008448B8 /* BancoViewController.swift */,
			);
			path = BankUnam;
			sourceTree = "<group>";
		};
/* End PBXGroup section */

/* Begin PBXNativeTarget section */
		5501901A2BAE744B0025E753 /* BankUnam */ = {
			isa = PBXNativeTarget;
			buildConfigurationList = 5501902F2BAE744C0025E753 /* Build configuration list for PBXNativeTarget "BankUnam" */;
			buildPhases = (
				550190172BAE744B0025E753 /* Sources */,
				550190182BAE744B0025E753 /* Frameworks */,
				550190192BAE744B0025E753 /* Resources */,
			);
			buildRules = (
			);
			dependencies = (
			);
			name = BankUnam;
			productName = BankUnam;
			productReference = 5501901B2BAE744B0025E753 /* BankUnam.app */;
			productType = "com.apple.product-type.application";
		};
/* End PBXNativeTarget section */

/* Begin PBXProject section */
		550190132BAE744B0025E753 /* Project object */ = {
			isa = PBXProject;
			attributes = {
				BuildIndependentTargetsInParallel = 1;
				LastSwiftUpdateCheck = 1500;
				LastUpgradeCheck = 1500;
				TargetAttributes = {
					5501901A2BAE744B0025E753 = {
						CreatedOnToolsVersion = 15.0;
					};
				};
			};
			buildConfigurationList = 550190162BAE744B0025E753 /* Build configuration list for PBXProject "BankUnam" */;
			compatibilityVersion = "Xcode 14.0";
			developmentRegion = en;
			hasScannedForEncodings = 0;
			knownRegions = (
				en,
				Base,
			);
			mainGroup = 550190122BAE744B0025E753;
			productRefGroup = 5501901C2BAE744B0025E753 /* Products */;
			projectDirPath = "";
			projectRoot = "";
			targets = (
				5501901A2BAE744B0025E753 /* BankUnam */,
			);
		};
/* End PBXProject section */

/* Begin PBXResourcesBuildPhase section */
		550190192BAE744B0025E753 /* Resources */ = {
			isa = PBXResourcesBuildPhase;
			buildActionMask = 2147483647;
			files = (
				5501902B2BAE744C0025E753 /* LaunchScreen.storyboard in Resources */,
				550190282BAE744C0025E753 /* Assets.xcassets in Resources */,
				550190262BAE744B0025E753 /* Main.storyboard in Resources */,
			);
			runOnlyForDeploymentPostprocessing = 0;
		};
/* End PBXResourcesBuildPhase section */

/* Begin PBXSourcesBuildPhase section */
		550190172BAE744B0025E753 /* Sources */ = {
			isa = PBXSourcesBuildPhase;
			buildActionMask = 2147483647;
			files = (
				55FAA41A2BC1D65400A39E31 /* LoginViewController.swift in Sources */,
				550190232BAE744B0025E753 /* ViewController.swift in Sources */,
				55B6DE052BCAED89008448B8 /* BancoViewController.swift in Sources */,
				5501901F2BAE744B0025E753 /* AppDelegate.swift in Sources */,
				550190212BAE744B0025E753 /* SceneDelegate.swift in Sources */,
			);
			runOnlyForDeploymentPostprocessing = 0;
		};
/* End PBXSourcesBuildPhase section */

/* Begin PBXVariantGroup section */
		550190242BAE744B0025E753 /* Main.storyboard */ = {
			isa = PBXVariantGroup;
			children = (
				550190252BAE744B0025E753 /* Base */,
			);
			name = Main.storyboard;
			sourceTree = "<group>";
		};
		550190292BAE744C0025E753 /* LaunchScreen.storyboard */ = {
			isa = PBXVariantGroup;
			children = (
				5501902A2BAE744C0025E753 /* Base */,
			);
			name = LaunchScreen.storyboard;
			sourceTree = "<group>";
		};
/* End PBXVariantGroup section */

/* Begin XCBuildConfiguration section */
		5501902D2BAE744C0025E753 /* Debug */ = {
			isa = XCBuildConfiguration;
			buildSettings = {
				ALWAYS_SEARCH_USER_PATHS = NO;
				ASSETCATALOG_COMPILER_GENERATE_SWIFT_ASSET_SYMBOL_EXTENSIONS = YES;
				CLANG_ANALYZER_NONNULL = YES;
				CLANG_ANALYZER_NUMBER_OBJECT_CONVERSION = YES_AGGRESSIVE;
				CLANG_CXX_LANGUAGE_STANDARD = "gnu++20";
				CLANG_ENABLE_MODULES = YES;
				CLANG_ENABLE_OBJC_ARC = YES;
				CLANG_ENABLE_OBJC_WEAK = YES;
				CLANG_WARN_BLOCK_CAPTURE_AUTORELEASING = YES;
				CLANG_WARN_BOOL_CONVERSION = YES;
				CLANG_WARN_COMMA = YES;
				CLANG_WARN_CONSTANT_CONVERSION = YES;
				CLANG_WARN_DEPRECATED_OBJC_IMPLEMENTATIONS = YES;
				CLANG_WARN_DIRECT_OBJC_ISA_USAGE = YES_ERROR;
				CLANG_WARN_DOCUMENTATION_COMMENTS = YES;
				CLANG_WARN_EMPTY_BODY = YES;
				CLANG_WARN_ENUM_CONVERSION = YES;
				CLANG_WARN_INFINITE_RECURSION = YES;
				CLANG_WARN_INT_CONVERSION = YES;
				CLANG_WARN_NON_LITERAL_NULL_CONVERSION = YES;
				CLANG_WARN_OBJC_IMPLICIT_RETAIN_SELF = YES;
				CLANG_WARN_OBJC_LITERAL_CONVERSION = YES;
				CLANG_WARN_OBJC_ROOT_CLASS = YES_ERROR;
				CLANG_WARN_QUOTED_INCLUDE_IN_FRAMEWORK_HEADER = YES;
				CLANG_WARN_RANGE_LOOP_ANALYSIS = YES;
				CLANG_WARN_STRICT_PROTOTYPES = YES;
				CLANG_WARN_SUSPICIOUS_MOVE = YES;
				CLANG_WARN_UNGUARDED_AVAILABILITY = YES_AGGRESSIVE;
				CLANG_WARN_UNREACHABLE_CODE = YES;
				CLANG_WARN__DUPLICATE_METHOD_MATCH = YES;
				COPY_PHASE_STRIP = NO;
				DEBUG_INFORMATION_FORMAT = dwarf;
				ENABLE_STRICT_OBJC_MSGSEND = YES;
				ENABLE_TESTABILITY = YES;
				ENABLE_USER_SCRIPT_SANDBOXING = YES;
				GCC_C_LANGUAGE_STANDARD = gnu17;
				GCC_DYNAMIC_NO_PIC = NO;
				GCC_NO_COMMON_BLOCKS = YES;
				GCC_OPTIMIZATION_LEVEL = 0;
				GCC_PREPROCESSOR_DEFINITIONS = (
					"DEBUG=1",
					"$(inherited)",
				);
				GCC_WARN_64_TO_32_BIT_CONVERSION = YES;
				GCC_WARN_ABOUT_RETURN_TYPE = YES_ERROR;
				GCC_WARN_UNDECLARED_SELECTOR = YES;
				GCC_WARN_UNINITIALIZED_AUTOS = YES_AGGRESSIVE;
				GCC_WARN_UNUSED_FUNCTION = YES;
				GCC_WARN_UNUSED_VARIABLE = YES;
				IPHONEOS_DEPLOYMENT_TARGET = 17.0;
				LOCALIZATION_PREFERS_STRING_CATALOGS = YES;
				MTL_ENABLE_DEBUG_INFO = INCLUDE_SOURCE;
				MTL_FAST_MATH = YES;
				ONLY_ACTIVE_ARCH = YES;
				SDKROOT = iphoneos;
				SWIFT_ACTIVE_COMPILATION_CONDITIONS = "DEBUG $(inherited)";
				SWIFT_OPTIMIZATION_LEVEL = "-Onone";
			};
			name = Debug;
		};
		5501902E2BAE744C0025E753 /* Release */ = {
			isa = XCBuildConfiguration;
			buildSettings = {
				ALWAYS_SEARCH_USER_PATHS = NO;
				ASSETCATALOG_COMPILER_GENERATE_SWIFT_ASSET_SYMBOL_EXTENSIONS = YES;
				CLANG_ANALYZER_NONNULL = YES;
				CLANG_ANALYZER_NUMBER_OBJECT_CONVERSION = YES_AGGRESSIVE;
				CLANG_CXX_LANGUAGE_STANDARD = "gnu++20";
				CLANG_ENABLE_MODULES = YES;
				CLANG_ENABLE_OBJC_ARC = YES;
				CLANG_ENABLE_OBJC_WEAK = YES;
				CLANG_WARN_BLOCK_CAPTURE_AUTORELEASING = YES;
				CLANG_WARN_BOOL_CONVERSION = YES;
				CLANG_WARN_COMMA = YES;
				CLANG_WARN_CONSTANT_CONVERSION = YES;
				CLANG_WARN_DEPRECATED_OBJC_IMPLEMENTATIONS = YES;
				CLANG_WARN_DIRECT_OBJC_ISA_USAGE = YES_ERROR;
				CLANG_WARN_DOCUMENTATION_COMMENTS = YES;
				CLANG_WARN_EMPTY_BODY = YES;
				CLANG_WARN_ENUM_CONVERSION = YES;
				CLANG_WARN_INFINITE_RECURSION = YES;
				CLANG_WARN_INT_CONVERSION = YES;
				CLANG_WARN_NON_LITERAL_NULL_CONVERSION = YES;
				CLANG_WARN_OBJC_IMPLICIT_RETAIN_SELF = YES;
				CLANG_WARN_OBJC_LITERAL_CONVERSION = YES;
				CLANG_WARN_OBJC_ROOT_CLASS = YES_ERROR;
				CLANG_WARN_QUOTED_INCLUDE_IN_FRAMEWORK_HEADER = YES;
				CLANG_WARN_RANGE_LOOP_ANALYSIS = YES;
				CLANG_WARN_STRICT_PROTOTYPES = YES;
				CLANG_WARN_SUSPICIOUS_MOVE = YES;
				CLANG_WARN_UNGUARDED_AVAILABILITY = YES_AGGRESSIVE;
				CLANG_WARN_UNREACHABLE_CODE = YES;
				CLANG_WARN__DUPLICATE_METHOD_MATCH = YES;
				COPY_PHASE_STRIP = NO;
				DEBUG_INFORMATION_FORMAT = "dwarf-with-dsym";
				ENABLE_NS_ASSERTIONS = NO;
				ENABLE_STRICT_OBJC_MSGSEND = YES;
				ENABLE_USER_SCRIPT_SANDBOXING = YES;
				GCC_C_LANGUAGE_STANDARD = gnu17;
				GCC_NO_COMMON_BLOCKS = YES;
				GCC_WARN_64_TO_32_BIT_CONVERSION = YES;
				GCC_WARN_ABOUT_RETURN_TYPE = YES_ERROR;
				GCC_WARN_UNDECLARED_SELECTOR = YES;
				GCC_WARN_UNINITIALIZED_AUTOS = YES_AGGRESSIVE;
				GCC_WARN_UNUSED_FUNCTION = YES;
				GCC_WARN_UNUSED_VARIABLE = YES;
				IPHONEOS_DEPLOYMENT_TARGET = 17.0;
				LOCALIZATION_PREFERS_STRING_CATALOGS = YES;
				MTL_ENABLE_DEBUG_INFO = NO;
				MTL_FAST_MATH = YES;
				SDKROOT = iphoneos;
				SWIFT_COMPILATION_MODE = wholemodule;
				VALIDATE_PRODUCT = YES;
			};
			name = Release;
		};
		550190302BAE744C0025E753 /* Debug */ = {
			isa = XCBuildConfiguration;
			buildSettings = {
				ASSETCATALOG_COMPILER_APPICON_NAME = AppIcon;
				ASSETCATALOG_COMPILER_GLOBAL_ACCENT_COLOR_NAME = AccentColor;
				CODE_SIGN_STYLE = Automatic;
				CURRENT_PROJECT_VERSION = 1;
				GENERATE_INFOPLIST_FILE = YES;
				INFOPLIST_FILE = BankUnam/Info.plist;
				INFOPLIST_KEY_UIApplicationSupportsIndirectInputEvents = YES;
				INFOPLIST_KEY_UILaunchStoryboardName = LaunchScreen;
				INFOPLIST_KEY_UIMainStoryboardFile = Main;
				INFOPLIST_KEY_UISupportedInterfaceOrientations_iPad = "UIInterfaceOrientationPortrait UIInterfaceOrientationPortraitUpsideDown UIInterfaceOrientationLandscapeLeft UIInterfaceOrientationLandscapeRight";
				INFOPLIST_KEY_UISupportedInterfaceOrientations_iPhone = "UIInterfaceOrientationPortrait UIInterfaceOrientationLandscapeLeft UIInterfaceOrientationLandscapeRight";
				LD_RUNPATH_SEARCH_PATHS = (
					"$(inherited)",
					"@executable_path/Frameworks",
				);
				MARKETING_VERSION = 1.0;
				PRODUCT_BUNDLE_IDENTIFIER = iOSLabFi.BankUnam;
				PRODUCT_NAME = "$(TARGET_NAME)";
				SWIFT_EMIT_LOC_STRINGS = YES;
				SWIFT_VERSION = 5.0;
				TARGETED_DEVICE_FAMILY = "1,2";
			};
			name = Debug;
		};
		550190312BAE744C0025E753 /* Release */ = {
			isa = XCBuildConfiguration;
			buildSettings = {
				ASSETCATALOG_COMPILER_APPICON_NAME = AppIcon;
				ASSETCATALOG_COMPILER_GLOBAL_ACCENT_COLOR_NAME = AccentColor;
				CODE_SIGN_STYLE = Automatic;
				CURRENT_PROJECT_VERSION = 1;
				GENERATE_INFOPLIST_FILE = YES;
				INFOPLIST_FILE = BankUnam/Info.plist;
				INFOPLIST_KEY_UIApplicationSupportsIndirectInputEvents = YES;
				INFOPLIST_KEY_UILaunchStoryboardName = LaunchScreen;
				INFOPLIST_KEY_UIMainStoryboardFile = Main;
				INFOPLIST_KEY_UISupportedInterfaceOrientations_iPad = "UIInterfaceOrientationPortrait UIInterfaceOrientationPortraitUpsideDown UIInterfaceOrientationLandscapeLeft UIInterfaceOrientationLandscapeRight";
				INFOPLIST_KEY_UISupportedInterfaceOrientations_iPhone = "UIInterfaceOrientationPortrait UIInterfaceOrientationLandscapeLeft UIInterfaceOrientationLandscapeRight";
				LD_RUNPATH_SEARCH_PATHS = (
					"$(inherited)",
					"@executable_path/Frameworks",
				);
				MARKETING_VERSION = 1.0;
				PRODUCT_BUNDLE_IDENTIFIER = iOSLabFi.BankUnam;
				PRODUCT_NAME = "$(TARGET_NAME)";
				SWIFT_EMIT_LOC_STRINGS = YES;
				SWIFT_VERSION = 5.0;
				TARGETED_DEVICE_FAMILY = "1,2";
			};
			name = Release;
		};
/* End XCBuildConfiguration section */

/* Begin XCConfigurationList section */
		550190162BAE744B0025E753 /* Build configuration list for PBXProject "BankUnam" */ = {
			isa = XCConfigurationList;
			buildConfigurations = (
				5501902D2BAE744C0025E753 /* Debug */,
				5501902E2BAE744C0025E753 /* Release */,
			);
			defaultConfigurationIsVisible = 0;
			defaultConfigurationName = Release;
		};
		5501902F2BAE744C0025E753 /* Build configuration list for PBXNativeTarget "BankUnam" */ = {
			isa = XCConfigurationList;
			buildConfigurations = (
				550190302BAE744C0025E753 /* Debug */,
				550190312BAE744C0025E753 /* Release */,
			);
			defaultConfigurationIsVisible = 0;
			defaultConfigurationName = Release;
		};
/* End XCConfigurationList section */
	};
	rootObject = 550190132BAE744B0025E753 /* Project object */;
}
